
Microsoft Visual Studio Solution File, Format Version 12.00
# Visual Studio Version 16
VisualStudioVersion = 16.0.29020.237
MinimumVisualStudioVersion = 10.0.40219.1
Project("{9A19103F-16F7-4668-BE54-9A1E7A4F7556}") = "SentenceAPI", "SentenceAPI\SentenceAPI.csproj", "{49A616AE-95D4-4058-931F-44A8767D360F}"
EndProject
Project("{9A19103F-16F7-4668-BE54-9A1E7A4F7556}") = "SentenceApiTests", "SentenceApiTests\SentenceApiTests.csproj", "{82EBE4E6-1077-42CF-94F2-50618276F6D0}"
EndProject
Project("{9A19103F-16F7-4668-BE54-9A1E7A4F7556}") = "DataAccessLayer", "DataAccessLayer\DataAccessLayer.csproj", "{0DE61EEF-83BD-4F7A-99F3-B21AE68C6EB9}"
EndProject
Project("{9A19103F-16F7-4668-BE54-9A1E7A4F7556}") = "DataAccessLayerTests", "DataAccessLayerTests\DataAccessLayerTests.csproj", "{A86E7FFB-2B45-4178-BEAF-19373288E8EE}"
EndProject
Project("{FAE04EC0-301F-11D3-BF4B-00C04F79EFBC}") = "DocumentsAPI", "DocumentsAPI\DocumentsAPI.csproj", "{4BB23436-1FA8-48F2-9462-C062EAC9A5E7}"
EndProject
Global
	GlobalSection(SolutionConfigurationPlatforms) = preSolution
		Debug|Any CPU = Debug|Any CPU
		Release|Any CPU = Release|Any CPU
	EndGlobalSection
	GlobalSection(ProjectConfigurationPlatforms) = postSolution
		{49A616AE-95D4-4058-931F-44A8767D360F}.Debug|Any CPU.ActiveCfg = Debug|Any CPU
		{49A616AE-95D4-4058-931F-44A8767D360F}.Debug|Any CPU.Build.0 = Debug|Any CPU
		{49A616AE-95D4-4058-931F-44A8767D360F}.Release|Any CPU.ActiveCfg = Release|Any CPU
		{49A616AE-95D4-4058-931F-44A8767D360F}.Release|Any CPU.Build.0 = Release|Any CPU
		{82EBE4E6-1077-42CF-94F2-50618276F6D0}.Debug|Any CPU.ActiveCfg = Debug|Any CPU
		{82EBE4E6-1077-42CF-94F2-50618276F6D0}.Debug|Any CPU.Build.0 = Debug|Any CPU
		{82EBE4E6-1077-42CF-94F2-50618276F6D0}.Release|Any CPU.ActiveCfg = Release|Any CPU
		{82EBE4E6-1077-42CF-94F2-50618276F6D0}.Release|Any CPU.Build.0 = Release|Any CPU
		{0DE61EEF-83BD-4F7A-99F3-B21AE68C6EB9}.Debug|Any CPU.ActiveCfg = Debug|Any CPU
		{0DE61EEF-83BD-4F7A-99F3-B21AE68C6EB9}.Debug|Any CPU.Build.0 = Debug|Any CPU
		{0DE61EEF-83BD-4F7A-99F3-B21AE68C6EB9}.Release|Any CPU.ActiveCfg = Release|Any CPU
		{0DE61EEF-83BD-4F7A-99F3-B21AE68C6EB9}.Release|Any CPU.Build.0 = Release|Any CPU
		{A86E7FFB-2B45-4178-BEAF-19373288E8EE}.Debug|Any CPU.ActiveCfg = Debug|Any CPU
		{A86E7FFB-2B45-4178-BEAF-19373288E8EE}.Debug|Any CPU.Build.0 = Debug|Any CPU
		{A86E7FFB-2B45-4178-BEAF-19373288E8EE}.Release|Any CPU.ActiveCfg = Release|Any CPU
		{A86E7FFB-2B45-4178-BEAF-19373288E8EE}.Release|Any CPU.Build.0 = Release|Any CPU
		{4BB23436-1FA8-48F2-9462-C062EAC9A5E7}.Debug|Any CPU.ActiveCfg = Debug|Any CPU
		{4BB23436-1FA8-48F2-9462-C062EAC9A5E7}.Debug|Any CPU.Build.0 = Debug|Any CPU
		{4BB23436-1FA8-48F2-9462-C062EAC9A5E7}.Release|Any CPU.ActiveCfg = Release|Any CPU
		{4BB23436-1FA8-48F2-9462-C062EAC9A5E7}.Release|Any CPU.Build.0 = Release|Any CPU
	EndGlobalSection
	GlobalSection(SolutionProperties) = preSolution
		HideSolutionNode = FALSE
	EndGlobalSection
	GlobalSection(ExtensibilityGlobals) = postSolution
		SolutionGuid = {8A6BC8D8-7280-4BF9-A337-E8B0215F9A44}
	EndGlobalSection
EndGlobal
